
Microsoft Visual Studio Solution File, Format Version 12.00
# Visual Studio Version 17
VisualStudioVersion = 17.11.35327.3
MinimumVisualStudioVersion = 10.0.40219.1
Project("{9A19103F-16F7-4668-BE54-9A1E7A4F7556}") = "ToDoApp.API", "ToDoApp\ToDoApp.API.csproj", "{DC8FF816-7608-47EB-803F-9737CAAB278B}"
EndProject
Project("{9A19103F-16F7-4668-BE54-9A1E7A4F7556}") = "ToDoApp.Infrastructure", "ToDoApp.Infrastructure\ToDoApp.Infrastructure.csproj", "{E7D18F78-AE19-4B4A-9D0E-88427395D2F5}"
EndProject
Project("{9A19103F-16F7-4668-BE54-9A1E7A4F7556}") = "ToDoApp.Application", "ToDoApp.Application\ToDoApp.Application.csproj", "{6E52624D-3F11-4224-A9FA-0D3245A3D8DC}"
EndProject
Project("{9A19103F-16F7-4668-BE54-9A1E7A4F7556}") = "ToDoApp.Domain", "ToDoApp.Domain\ToDoApp.Domain.csproj", "{60815A60-95C9-4329-B121-30A2B22A4079}"
EndProject
Project("{2150E333-8FDC-42A3-9474-1A3956D46DE8}") = "Tests", "Tests", "{423CD06A-F650-445A-B871-B588C0838ABE}"
EndProject
Project("{9A19103F-16F7-4668-BE54-9A1E7A4F7556}") = "ToDoApp.Application.Tests", "ToDoApp.Application.Tests\ToDoApp.Application.Tests.csproj", "{53AF7554-9D0E-4475-9114-81E85F9C359A}"
EndProject
Project("{9A19103F-16F7-4668-BE54-9A1E7A4F7556}") = "ToDoApp.Infrastructure.Tests", "ToDoApp.Infrastructure.Tests\ToDoApp.Infrastructure.Tests.csproj", "{0573E0C6-92C1-416A-A1DB-BED6791E2084}"
EndProject
Project("{9A19103F-16F7-4668-BE54-9A1E7A4F7556}") = "ToDoApp.API.Tests", "ToDoApp.API.Tests\ToDoApp.API.Tests.csproj", "{97C12D60-5CD5-484C-9043-A89A321EBA91}"
EndProject
Global
	GlobalSection(SolutionConfigurationPlatforms) = preSolution
		Debug|Any CPU = Debug|Any CPU
		Release|Any CPU = Release|Any CPU
	EndGlobalSection
	GlobalSection(ProjectConfigurationPlatforms) = postSolution
		{DC8FF816-7608-47EB-803F-9737CAAB278B}.Debug|Any CPU.ActiveCfg = Debug|Any CPU
		{DC8FF816-7608-47EB-803F-9737CAAB278B}.Debug|Any CPU.Build.0 = Debug|Any CPU
		{DC8FF816-7608-47EB-803F-9737CAAB278B}.Release|Any CPU.ActiveCfg = Release|Any CPU
		{DC8FF816-7608-47EB-803F-9737CAAB278B}.Release|Any CPU.Build.0 = Release|Any CPU
		{E7D18F78-AE19-4B4A-9D0E-88427395D2F5}.Debug|Any CPU.ActiveCfg = Debug|Any CPU
		{E7D18F78-AE19-4B4A-9D0E-88427395D2F5}.Debug|Any CPU.Build.0 = Debug|Any CPU
		{E7D18F78-AE19-4B4A-9D0E-88427395D2F5}.Release|Any CPU.ActiveCfg = Release|Any CPU
		{E7D18F78-AE19-4B4A-9D0E-88427395D2F5}.Release|Any CPU.Build.0 = Release|Any CPU
		{6E52624D-3F11-4224-A9FA-0D3245A3D8DC}.Debug|Any CPU.ActiveCfg = Debug|Any CPU
		{6E52624D-3F11-4224-A9FA-0D3245A3D8DC}.Debug|Any CPU.Build.0 = Debug|Any CPU
		{6E52624D-3F11-4224-A9FA-0D3245A3D8DC}.Release|Any CPU.ActiveCfg = Release|Any CPU
		{6E52624D-3F11-4224-A9FA-0D3245A3D8DC}.Release|Any CPU.Build.0 = Release|Any CPU
		{60815A60-95C9-4329-B121-30A2B22A4079}.Debug|Any CPU.ActiveCfg = Debug|Any CPU
		{60815A60-95C9-4329-B121-30A2B22A4079}.Debug|Any CPU.Build.0 = Debug|Any CPU
		{60815A60-95C9-4329-B121-30A2B22A4079}.Release|Any CPU.ActiveCfg = Release|Any CPU
		{60815A60-95C9-4329-B121-30A2B22A4079}.Release|Any CPU.Build.0 = Release|Any CPU
		{53AF7554-9D0E-4475-9114-81E85F9C359A}.Debug|Any CPU.ActiveCfg = Debug|Any CPU
		{53AF7554-9D0E-4475-9114-81E85F9C359A}.Debug|Any CPU.Build.0 = Debug|Any CPU
		{53AF7554-9D0E-4475-9114-81E85F9C359A}.Release|Any CPU.ActiveCfg = Release|Any CPU
		{53AF7554-9D0E-4475-9114-81E85F9C359A}.Release|Any CPU.Build.0 = Release|Any CPU
		{0573E0C6-92C1-416A-A1DB-BED6791E2084}.Debug|Any CPU.ActiveCfg = Debug|Any CPU
		{0573E0C6-92C1-416A-A1DB-BED6791E2084}.Debug|Any CPU.Build.0 = Debug|Any CPU
		{0573E0C6-92C1-416A-A1DB-BED6791E2084}.Release|Any CPU.ActiveCfg = Release|Any CPU
		{0573E0C6-92C1-416A-A1DB-BED6791E2084}.Release|Any CPU.Build.0 = Release|Any CPU
		{97C12D60-5CD5-484C-9043-A89A321EBA91}.Debug|Any CPU.ActiveCfg = Debug|Any CPU
		{97C12D60-5CD5-484C-9043-A89A321EBA91}.Debug|Any CPU.Build.0 = Debug|Any CPU
		{97C12D60-5CD5-484C-9043-A89A321EBA91}.Release|Any CPU.ActiveCfg = Release|Any CPU
		{97C12D60-5CD5-484C-9043-A89A321EBA91}.Release|Any CPU.Build.0 = Release|Any CPU
	EndGlobalSection
	GlobalSection(SolutionProperties) = preSolution
		HideSolutionNode = FALSE
	EndGlobalSection
	GlobalSection(NestedProjects) = preSolution
		{53AF7554-9D0E-4475-9114-81E85F9C359A} = {423CD06A-F650-445A-B871-B588C0838ABE}
		{0573E0C6-92C1-416A-A1DB-BED6791E2084} = {423CD06A-F650-445A-B871-B588C0838ABE}
		{97C12D60-5CD5-484C-9043-A89A321EBA91} = {423CD06A-F650-445A-B871-B588C0838ABE}
	EndGlobalSection
	GlobalSection(ExtensibilityGlobals) = postSolution
		SolutionGuid = {F332D0C4-CB1F-4403-8945-187A35438C95}
	EndGlobalSection
EndGlobal
